
Microsoft Visual Studio Solution File, Format Version 12.00
# Visual Studio 15
VisualStudioVersion = 15.0.28010.2026
MinimumVisualStudioVersion = 10.0.40219.1
Project("{FAE04EC0-301F-11D3-BF4B-00C04F79EFBC}") = "ContosoUniversity", "ContosoUniversity.csproj", "{A1521892-7D24-4A48-BE76-675DBC4E875B}"
EndProject
Global
	GlobalSection(SolutionConfigurationPlatforms) = preSolution
		Debug|Any CPU = Debug|Any CPU
		Release|Any CPU = Release|Any CPU
	EndGlobalSection
	GlobalSection(ProjectConfigurationPlatforms) = postSolution
		{A1521892-7D24-4A48-BE76-675DBC4E875B}.Debug|Any CPU.ActiveCfg = Debug|Any CPU
		{A1521892-7D24-4A48-BE76-675DBC4E875B}.Debug|Any CPU.Build.0 = Debug|Any CPU
		{A1521892-7D24-4A48-BE76-675DBC4E875B}.Release|Any CPU.ActiveCfg = Release|Any CPU
		{A1521892-7D24-4A48-BE76-675DBC4E875B}.Release|Any CPU.Build.0 = Release|Any CPU
	EndGlobalSection
	GlobalSection(SolutionProperties) = preSolution
		HideSolutionNode = FALSE
	EndGlobalSection
	GlobalSection(ExtensibilityGlobals) = postSolution
		SolutionGuid = {0C00E035-22E7-4F65-893B-F16A655FB116}
	EndGlobalSection
EndGlobal
